
Microsoft Visual Studio Solution File, Format Version 12.00
Project("{FAE04EC0-301F-11D3-BF4B-00C04F79EFBC}") = "oneHundredTasks", "oneHundredTasks.csproj", "{A570A688-DAB2-44EC-8B6E-1ED96ED3EFBC}"
EndProject
Global
	GlobalSection(SolutionConfigurationPlatforms) = preSolution
		Debug|Any CPU = Debug|Any CPU
		Release|Any CPU = Release|Any CPU
	EndGlobalSection
	GlobalSection(ProjectConfigurationPlatforms) = postSolution
		{A570A688-DAB2-44EC-8B6E-1ED96ED3EFBC}.Debug|Any CPU.ActiveCfg = Debug|Any CPU
		{A570A688-DAB2-44EC-8B6E-1ED96ED3EFBC}.Debug|Any CPU.Build.0 = Debug|Any CPU
		{A570A688-DAB2-44EC-8B6E-1ED96ED3EFBC}.Release|Any CPU.ActiveCfg = Release|Any CPU
		{A570A688-DAB2-44EC-8B6E-1ED96ED3EFBC}.Release|Any CPU.Build.0 = Release|Any CPU
	EndGlobalSection
EndGlobal
